
Microsoft Visual Studio Solution File, Format Version 12.00
# Visual Studio Version 17
VisualStudioVersion = 17.9.34616.47
MinimumVisualStudioVersion = 10.0.40219.1
Project("{FAE04EC0-301F-11D3-BF4B-00C04F79EFBC}") = "TaskList", "TaskList\TaskList.csproj", "{F354AC3E-9C4A-43FF-9735-BF8311EE6B1F}"
EndProject
Global
	GlobalSection(SolutionConfigurationPlatforms) = preSolution
		Debug|Any CPU = Debug|Any CPU
		Release|Any CPU = Release|Any CPU
	EndGlobalSection
	GlobalSection(ProjectConfigurationPlatforms) = postSolution
		{F354AC3E-9C4A-43FF-9735-BF8311EE6B1F}.Debug|Any CPU.ActiveCfg = Debug|Any CPU
		{F354AC3E-9C4A-43FF-9735-BF8311EE6B1F}.Debug|Any CPU.Build.0 = Debug|Any CPU
		{F354AC3E-9C4A-43FF-9735-BF8311EE6B1F}.Release|Any CPU.ActiveCfg = Release|Any CPU
		{F354AC3E-9C4A-43FF-9735-BF8311EE6B1F}.Release|Any CPU.Build.0 = Release|Any CPU
	EndGlobalSection
	GlobalSection(SolutionProperties) = preSolution
		HideSolutionNode = FALSE
	EndGlobalSection
	GlobalSection(ExtensibilityGlobals) = postSolution
		SolutionGuid = {9087830E-ABB5-4A0F-B34E-54B129315259}
	EndGlobalSection
EndGlobal
